// !$*UTF8*$!
{
	archiveVersion = 1;
	classes = {
	};
	objectVersion = 50;
	objects = {

/* Begin PBXBuildFile section */
		4870EF3B228B8336009115D4 /* Category.swift in Sources */ = {isa = PBXBuildFile; fileRef = 4870EF3A228B8336009115D4 /* Category.swift */; };
		487D30002289EB7500485F0B /* StyleResponse.swift in Sources */ = {isa = PBXBuildFile; fileRef = 487D2FFF2289EB7500485F0B /* StyleResponse.swift */; };
		487D30022289F34D00485F0B /* BeerViewController.swift in Sources */ = {isa = PBXBuildFile; fileRef = 487D30012289F34D00485F0B /* BeerViewController.swift */; };
		487D30062289F51600485F0B /* StyleTableViewCell.swift in Sources */ = {isa = PBXBuildFile; fileRef = 487D30042289F51600485F0B /* StyleTableViewCell.swift */; };
		487D30072289F51600485F0B /* StyleTableViewCell.xib in Resources */ = {isa = PBXBuildFile; fileRef = 487D30052289F51600485F0B /* StyleTableViewCell.xib */; };
		487D300A2289F5AA00485F0B /* BeerTableViewCell.swift in Sources */ = {isa = PBXBuildFile; fileRef = 487D30082289F5AA00485F0B /* BeerTableViewCell.swift */; };
		487D300B2289F5AA00485F0B /* BeerTableViewCell.xib in Resources */ = {isa = PBXBuildFile; fileRef = 487D30092289F5AA00485F0B /* BeerTableViewCell.xib */; };
		489EC2EF22811356003C48CE /* AppDelegate.swift in Sources */ = {isa = PBXBuildFile; fileRef = 489EC2EE22811356003C48CE /* AppDelegate.swift */; };
		489EC2F122811356003C48CE /* MenuViewController.swift in Sources */ = {isa = PBXBuildFile; fileRef = 489EC2F022811356003C48CE /* MenuViewController.swift */; };
		489EC2F422811356003C48CE /* Main.storyboard in Resources */ = {isa = PBXBuildFile; fileRef = 489EC2F222811356003C48CE /* Main.storyboard */; };
		489EC2F722811356003C48CE /* BeerApp.xcdatamodeld in Sources */ = {isa = PBXBuildFile; fileRef = 489EC2F522811356003C48CE /* BeerApp.xcdatamodeld */; };
		489EC2F922811368003C48CE /* Assets.xcassets in Resources */ = {isa = PBXBuildFile; fileRef = 489EC2F822811368003C48CE /* Assets.xcassets */; };
		489EC2FC22811368003C48CE /* LaunchScreen.storyboard in Resources */ = {isa = PBXBuildFile; fileRef = 489EC2FA22811368003C48CE /* LaunchScreen.storyboard */; };
		489EC30622811A68003C48CE /* SearchViewController.swift in Sources */ = {isa = PBXBuildFile; fileRef = 489EC30522811A68003C48CE /* SearchViewController.swift */; };
		489EC30822811CA6003C48CE /* FavoriteViewController.swift in Sources */ = {isa = PBXBuildFile; fileRef = 489EC30722811CA6003C48CE /* FavoriteViewController.swift */; };
		489EC30B22811D87003C48CE /* Requester.swift in Sources */ = {isa = PBXBuildFile; fileRef = 489EC30A22811D87003C48CE /* Requester.swift */; };
		489EC30E22811EEE003C48CE /* UIViewController.swift in Sources */ = {isa = PBXBuildFile; fileRef = 489EC30D22811EEE003C48CE /* UIViewController.swift */; };
		489EC31122811F57003C48CE /* Beer.swift in Sources */ = {isa = PBXBuildFile; fileRef = 489EC31022811F57003C48CE /* Beer.swift */; };
		489EC31322812007003C48CE /* Style.swift in Sources */ = {isa = PBXBuildFile; fileRef = 489EC31222812007003C48CE /* Style.swift */; };
		489EC31522812883003C48CE /* BeerResponse.swift in Sources */ = {isa = PBXBuildFile; fileRef = 489EC31422812883003C48CE /* BeerResponse.swift */; };
		489EC31722812F9E003C48CE /* Constants.swift in Sources */ = {isa = PBXBuildFile; fileRef = 489EC31622812F9E003C48CE /* Constants.swift */; };
/* End PBXBuildFile section */

/* Begin PBXFileReference section */
		4870EF3A228B8336009115D4 /* Category.swift */ = {isa = PBXFileReference; lastKnownFileType = sourcecode.swift; path = Category.swift; sourceTree = "<group>"; };
		487D2FFF2289EB7500485F0B /* StyleResponse.swift */ = {isa = PBXFileReference; lastKnownFileType = sourcecode.swift; path = StyleResponse.swift; sourceTree = "<group>"; };
		487D30012289F34D00485F0B /* BeerViewController.swift */ = {isa = PBXFileReference; lastKnownFileType = sourcecode.swift; path = BeerViewController.swift; sourceTree = "<group>"; };
		487D30042289F51600485F0B /* StyleTableViewCell.swift */ = {isa = PBXFileReference; lastKnownFileType = sourcecode.swift; path = StyleTableViewCell.swift; sourceTree = "<group>"; };
		487D30052289F51600485F0B /* StyleTableViewCell.xib */ = {isa = PBXFileReference; lastKnownFileType = file.xib; path = StyleTableViewCell.xib; sourceTree = "<group>"; };
		487D30082289F5AA00485F0B /* BeerTableViewCell.swift */ = {isa = PBXFileReference; lastKnownFileType = sourcecode.swift; path = BeerTableViewCell.swift; sourceTree = "<group>"; };
		487D30092289F5AA00485F0B /* BeerTableViewCell.xib */ = {isa = PBXFileReference; lastKnownFileType = file.xib; path = BeerTableViewCell.xib; sourceTree = "<group>"; };
		489EC2EB22811356003C48CE /* BeerApp.app */ = {isa = PBXFileReference; explicitFileType = wrapper.application; includeInIndex = 0; path = BeerApp.app; sourceTree = BUILT_PRODUCTS_DIR; };
		489EC2EE22811356003C48CE /* AppDelegate.swift */ = {isa = PBXFileReference; lastKnownFileType = sourcecode.swift; path = AppDelegate.swift; sourceTree = "<group>"; };
		489EC2F022811356003C48CE /* MenuViewController.swift */ = {isa = PBXFileReference; lastKnownFileType = sourcecode.swift; path = MenuViewController.swift; sourceTree = "<group>"; };
		489EC2F322811356003C48CE /* Base */ = {isa = PBXFileReference; lastKnownFileType = file.storyboard; name = Base; path = Base.lproj/Main.storyboard; sourceTree = "<group>"; };
		489EC2F622811356003C48CE /* BeerApp.xcdatamodel */ = {isa = PBXFileReference; lastKnownFileType = wrapper.xcdatamodel; path = BeerApp.xcdatamodel; sourceTree = "<group>"; };
		489EC2F822811368003C48CE /* Assets.xcassets */ = {isa = PBXFileReference; lastKnownFileType = folder.assetcatalog; path = Assets.xcassets; sourceTree = "<group>"; };
		489EC2FB22811368003C48CE /* Base */ = {isa = PBXFileReference; lastKnownFileType = file.storyboard; name = Base; path = Base.lproj/LaunchScreen.storyboard; sourceTree = "<group>"; };
		489EC2FD22811368003C48CE /* Info.plist */ = {isa = PBXFileReference; lastKnownFileType = text.plist.xml; path = Info.plist; sourceTree = "<group>"; };
		489EC30522811A68003C48CE /* SearchViewController.swift */ = {isa = PBXFileReference; lastKnownFileType = sourcecode.swift; path = SearchViewController.swift; sourceTree = "<group>"; };
		489EC30722811CA6003C48CE /* FavoriteViewController.swift */ = {isa = PBXFileReference; lastKnownFileType = sourcecode.swift; path = FavoriteViewController.swift; sourceTree = "<group>"; };
		489EC30A22811D87003C48CE /* Requester.swift */ = {isa = PBXFileReference; lastKnownFileType = sourcecode.swift; path = Requester.swift; sourceTree = "<group>"; };
		489EC30D22811EEE003C48CE /* UIViewController.swift */ = {isa = PBXFileReference; lastKnownFileType = sourcecode.swift; path = UIViewController.swift; sourceTree = "<group>"; };
		489EC31022811F57003C48CE /* Beer.swift */ = {isa = PBXFileReference; lastKnownFileType = sourcecode.swift; path = Beer.swift; sourceTree = "<group>"; };
		489EC31222812007003C48CE /* Style.swift */ = {isa = PBXFileReference; lastKnownFileType = sourcecode.swift; path = Style.swift; sourceTree = "<group>"; };
		489EC31422812883003C48CE /* BeerResponse.swift */ = {isa = PBXFileReference; lastKnownFileType = sourcecode.swift; path = BeerResponse.swift; sourceTree = "<group>"; };
		489EC31622812F9E003C48CE /* Constants.swift */ = {isa = PBXFileReference; lastKnownFileType = sourcecode.swift; path = Constants.swift; sourceTree = "<group>"; };
/* End PBXFileReference section */

/* Begin PBXFrameworksBuildPhase section */
		489EC2E822811356003C48CE /* Frameworks */ = {
			isa = PBXFrameworksBuildPhase;
			buildActionMask = 2147483647;
			files = (
			);
			runOnlyForDeploymentPostprocessing = 0;
		};
/* End PBXFrameworksBuildPhase section */

/* Begin PBXGroup section */
		489EC2E222811356003C48CE = {
			isa = PBXGroup;
			children = (
				489EC2ED22811356003C48CE /* BeerApp */,
				489EC2EC22811356003C48CE /* Products */,
			);
			sourceTree = "<group>";
		};
		489EC2EC22811356003C48CE /* Products */ = {
			isa = PBXGroup;
			children = (
				489EC2EB22811356003C48CE /* BeerApp.app */,
			);
			name = Products;
			sourceTree = "<group>";
		};
		489EC2ED22811356003C48CE /* BeerApp */ = {
			isa = PBXGroup;
			children = (
				489EC30F22811F48003C48CE /* Entity */,
				489EC30C22811ECE003C48CE /* Extension */,
				489EC30922811D71003C48CE /* Request */,
				489EC304228113DB003C48CE /* ViewCell */,
				489EC303228113BC003C48CE /* ViewController */,
				489EC2EE22811356003C48CE /* AppDelegate.swift */,
				489EC2F222811356003C48CE /* Main.storyboard */,
				489EC2F822811368003C48CE /* Assets.xcassets */,
				489EC2FA22811368003C48CE /* LaunchScreen.storyboard */,
				489EC2FD22811368003C48CE /* Info.plist */,
				489EC2F522811356003C48CE /* BeerApp.xcdatamodeld */,
			);
			path = BeerApp;
			sourceTree = "<group>";
		};
		489EC303228113BC003C48CE /* ViewController */ = {
			isa = PBXGroup;
			children = (
				489EC2F022811356003C48CE /* MenuViewController.swift */,
				489EC30522811A68003C48CE /* SearchViewController.swift */,
				489EC30722811CA6003C48CE /* FavoriteViewController.swift */,
				487D30012289F34D00485F0B /* BeerViewController.swift */,
			);
			path = ViewController;
			sourceTree = "<group>";
		};
		489EC304228113DB003C48CE /* ViewCell */ = {
			isa = PBXGroup;
			children = (
				487D30042289F51600485F0B /* StyleTableViewCell.swift */,
				487D30052289F51600485F0B /* StyleTableViewCell.xib */,
				487D30082289F5AA00485F0B /* BeerTableViewCell.swift */,
				487D30092289F5AA00485F0B /* BeerTableViewCell.xib */,
			);
			path = ViewCell;
			sourceTree = "<group>";
		};
		489EC30922811D71003C48CE /* Request */ = {
			isa = PBXGroup;
			children = (
				489EC30A22811D87003C48CE /* Requester.swift */,
				489EC31622812F9E003C48CE /* Constants.swift */,
			);
			path = Request;
			sourceTree = "<group>";
		};
		489EC30C22811ECE003C48CE /* Extension */ = {
			isa = PBXGroup;
			children = (
				489EC30D22811EEE003C48CE /* UIViewController.swift */,
			);
			path = Extension;
			sourceTree = "<group>";
		};
		489EC30F22811F48003C48CE /* Entity */ = {
			isa = PBXGroup;
			children = (
				489EC31022811F57003C48CE /* Beer.swift */,
				489EC31222812007003C48CE /* Style.swift */,
				489EC31422812883003C48CE /* BeerResponse.swift */,
				487D2FFF2289EB7500485F0B /* StyleResponse.swift */,
				4870EF3A228B8336009115D4 /* Category.swift */,
			);
			path = Entity;
			sourceTree = "<group>";
		};
/* End PBXGroup section */

/* Begin PBXNativeTarget section */
		489EC2EA22811356003C48CE /* BeerApp */ = {
			isa = PBXNativeTarget;
			buildConfigurationList = 489EC30022811368003C48CE /* Build configuration list for PBXNativeTarget "BeerApp" */;
			buildPhases = (
				489EC2E722811356003C48CE /* Sources */,
				489EC2E822811356003C48CE /* Frameworks */,
				489EC2E922811356003C48CE /* Resources */,
			);
			buildRules = (
			);
			dependencies = (
			);
			name = BeerApp;
			productName = BeerApp;
			productReference = 489EC2EB22811356003C48CE /* BeerApp.app */;
			productType = "com.apple.product-type.application";
		};
/* End PBXNativeTarget section */

/* Begin PBXProject section */
		489EC2E322811356003C48CE /* Project object */ = {
			isa = PBXProject;
			attributes = {
				LastSwiftUpdateCheck = 1010;
				LastUpgradeCheck = 1010;
				ORGANIZATIONNAME = Ranieri;
				TargetAttributes = {
					489EC2EA22811356003C48CE = {
						CreatedOnToolsVersion = 10.1;
					};
				};
			};
			buildConfigurationList = 489EC2E622811356003C48CE /* Build configuration list for PBXProject "BeerApp" */;
			compatibilityVersion = "Xcode 9.3";
			developmentRegion = en;
			hasScannedForEncodings = 0;
			knownRegions = (
				en,
				Base,
			);
			mainGroup = 489EC2E222811356003C48CE;
			productRefGroup = 489EC2EC22811356003C48CE /* Products */;
			projectDirPath = "";
			projectRoot = "";
			targets = (
				489EC2EA22811356003C48CE /* BeerApp */,
			);
		};
/* End PBXProject section */

/* Begin PBXResourcesBuildPhase section */
		489EC2E922811356003C48CE /* Resources */ = {
			isa = PBXResourcesBuildPhase;
			buildActionMask = 2147483647;
			files = (
				489EC2FC22811368003C48CE /* LaunchScreen.storyboard in Resources */,
				487D300B2289F5AA00485F0B /* BeerTableViewCell.xib in Resources */,
				489EC2F922811368003C48CE /* Assets.xcassets in Resources */,
				489EC2F422811356003C48CE /* Main.storyboard in Resources */,
				487D30072289F51600485F0B /* StyleTableViewCell.xib in Resources */,
			);
			runOnlyForDeploymentPostprocessing = 0;
		};
/* End PBXResourcesBuildPhase section */

/* Begin PBXSourcesBuildPhase section */
		489EC2E722811356003C48CE /* Sources */ = {
			isa = PBXSourcesBuildPhase;
			buildActionMask = 2147483647;
			files = (
				487D30022289F34D00485F0B /* BeerViewController.swift in Sources */,
				489EC30E22811EEE003C48CE /* UIViewController.swift in Sources */,
				489EC31722812F9E003C48CE /* Constants.swift in Sources */,
				487D30002289EB7500485F0B /* StyleResponse.swift in Sources */,
				487D300A2289F5AA00485F0B /* BeerTableViewCell.swift in Sources */,
				489EC2F122811356003C48CE /* MenuViewController.swift in Sources */,
				489EC2EF22811356003C48CE /* AppDelegate.swift in Sources */,
				4870EF3B228B8336009115D4 /* Category.swift in Sources */,
				489EC31122811F57003C48CE /* Beer.swift in Sources */,
				489EC30B22811D87003C48CE /* Requester.swift in Sources */,
				489EC30622811A68003C48CE /* SearchViewController.swift in Sources */,
				489EC2F722811356003C48CE /* BeerApp.xcdatamodeld in Sources */,
				489EC31522812883003C48CE /* BeerResponse.swift in Sources */,
				489EC31322812007003C48CE /* Style.swift in Sources */,
				489EC30822811CA6003C48CE /* FavoriteViewController.swift in Sources */,
				487D30062289F51600485F0B /* StyleTableViewCell.swift in Sources */,
			);
			runOnlyForDeploymentPostprocessing = 0;
		};
/* End PBXSourcesBuildPhase section */

/* Begin PBXVariantGroup section */
		489EC2F222811356003C48CE /* Main.storyboard */ = {
			isa = PBXVariantGroup;
			children = (
				489EC2F322811356003C48CE /* Base */,
			);
			name = Main.storyboard;
			sourceTree = "<group>";
		};
		489EC2FA22811368003C48CE /* LaunchScreen.storyboard */ = {
			isa = PBXVariantGroup;
			children = (
				489EC2FB22811368003C48CE /* Base */,
			);
			name = LaunchScreen.storyboard;
			sourceTree = "<group>";
		};
/* End PBXVariantGroup section */

/* Begin XCBuildConfiguration section */
		489EC2FE22811368003C48CE /* Debug */ = {
			isa = XCBuildConfiguration;
			buildSettings = {
				ALWAYS_SEARCH_USER_PATHS = NO;
				CLANG_ANALYZER_NONNULL = YES;
				CLANG_ANALYZER_NUMBER_OBJECT_CONVERSION = YES_AGGRESSIVE;
				CLANG_CXX_LANGUAGE_STANDARD = "gnu++14";
				CLANG_CXX_LIBRARY = "libc++";
				CLANG_ENABLE_MODULES = YES;
				CLANG_ENABLE_OBJC_ARC = YES;
				CLANG_ENABLE_OBJC_WEAK = YES;
				CLANG_WARN_BLOCK_CAPTURE_AUTORELEASING = YES;
				CLANG_WARN_BOOL_CONVERSION = YES;
				CLANG_WARN_COMMA = YES;
				CLANG_WARN_CONSTANT_CONVERSION = YES;
				CLANG_WARN_DEPRECATED_OBJC_IMPLEMENTATIONS = YES;
				CLANG_WARN_DIRECT_OBJC_ISA_USAGE = YES_ERROR;
				CLANG_WARN_DOCUMENTATION_COMMENTS = YES;
				CLANG_WARN_EMPTY_BODY = YES;
				CLANG_WARN_ENUM_CONVERSION = YES;
				CLANG_WARN_INFINITE_RECURSION = YES;
				CLANG_WARN_INT_CONVERSION = YES;
				CLANG_WARN_NON_LITERAL_NULL_CONVERSION = YES;
				CLANG_WARN_OBJC_IMPLICIT_RETAIN_SELF = YES;
				CLANG_WARN_OBJC_LITERAL_CONVERSION = YES;
				CLANG_WARN_OBJC_ROOT_CLASS = YES_ERROR;
				CLANG_WARN_RANGE_LOOP_ANALYSIS = YES;
				CLANG_WARN_STRICT_PROTOTYPES = YES;
				CLANG_WARN_SUSPICIOUS_MOVE = YES;
				CLANG_WARN_UNGUARDED_AVAILABILITY = YES_AGGRESSIVE;
				CLANG_WARN_UNREACHABLE_CODE = YES;
				CLANG_WARN__DUPLICATE_METHOD_MATCH = YES;
				CODE_SIGN_IDENTITY = "iPhone Developer";
				COPY_PHASE_STRIP = NO;
				DEBUG_INFORMATION_FORMAT = dwarf;
				ENABLE_STRICT_OBJC_MSGSEND = YES;
				ENABLE_TESTABILITY = YES;
				GCC_C_LANGUAGE_STANDARD = gnu11;
				GCC_DYNAMIC_NO_PIC = NO;
				GCC_NO_COMMON_BLOCKS = YES;
				GCC_OPTIMIZATION_LEVEL = 0;
				GCC_PREPROCESSOR_DEFINITIONS = (
					"DEBUG=1",
					"$(inherited)",
				);
				GCC_WARN_64_TO_32_BIT_CONVERSION = YES;
				GCC_WARN_ABOUT_RETURN_TYPE = YES_ERROR;
				GCC_WARN_UNDECLARED_SELECTOR = YES;
				GCC_WARN_UNINITIALIZED_AUTOS = YES_AGGRESSIVE;
				GCC_WARN_UNUSED_FUNCTION = YES;
				GCC_WARN_UNUSED_VARIABLE = YES;
				IPHONEOS_DEPLOYMENT_TARGET = 12.1;
				MTL_ENABLE_DEBUG_INFO = INCLUDE_SOURCE;
				MTL_FAST_MATH = YES;
				ONLY_ACTIVE_ARCH = YES;
				SDKROOT = iphoneos;
				SWIFT_ACTIVE_COMPILATION_CONDITIONS = DEBUG;
				SWIFT_OPTIMIZATION_LEVEL = "-Onone";
			};
			name = Debug;
		};
		489EC2FF22811368003C48CE /* Release */ = {
			isa = XCBuildConfiguration;
			buildSettings = {
				ALWAYS_SEARCH_USER_PATHS = NO;
				CLANG_ANALYZER_NONNULL = YES;
				CLANG_ANALYZER_NUMBER_OBJECT_CONVERSION = YES_AGGRESSIVE;
				CLANG_CXX_LANGUAGE_STANDARD = "gnu++14";
				CLANG_CXX_LIBRARY = "libc++";
				CLANG_ENABLE_MODULES = YES;
				CLANG_ENABLE_OBJC_ARC = YES;
				CLANG_ENABLE_OBJC_WEAK = YES;
				CLANG_WARN_BLOCK_CAPTURE_AUTORELEASING = YES;
				CLANG_WARN_BOOL_CONVERSION = YES;
				CLANG_WARN_COMMA = YES;
				CLANG_WARN_CONSTANT_CONVERSION = YES;
				CLANG_WARN_DEPRECATED_OBJC_IMPLEMENTATIONS = YES;
				CLANG_WARN_DIRECT_OBJC_ISA_USAGE = YES_ERROR;
				CLANG_WARN_DOCUMENTATION_COMMENTS = YES;
				CLANG_WARN_EMPTY_BODY = YES;
				CLANG_WARN_ENUM_CONVERSION = YES;
				CLANG_WARN_INFINITE_RECURSION = YES;
				CLANG_WARN_INT_CONVERSION = YES;
				CLANG_WARN_NON_LITERAL_NULL_CONVERSION = YES;
				CLANG_WARN_OBJC_IMPLICIT_RETAIN_SELF = YES;
				CLANG_WARN_OBJC_LITERAL_CONVERSION = YES;
				CLANG_WARN_OBJC_ROOT_CLASS = YES_ERROR;
				CLANG_WARN_RANGE_LOOP_ANALYSIS = YES;
				CLANG_WARN_STRICT_PROTOTYPES = YES;
				CLANG_WARN_SUSPICIOUS_MOVE = YES;
				CLANG_WARN_UNGUARDED_AVAILABILITY = YES_AGGRESSIVE;
				CLANG_WARN_UNREACHABLE_CODE = YES;
				CLANG_WARN__DUPLICATE_METHOD_MATCH = YES;
				CODE_SIGN_IDENTITY = "iPhone Developer";
				COPY_PHASE_STRIP = NO;
				DEBUG_INFORMATION_FORMAT = "dwarf-with-dsym";
				ENABLE_NS_ASSERTIONS = NO;
				ENABLE_STRICT_OBJC_MSGSEND = YES;
				GCC_C_LANGUAGE_STANDARD = gnu11;
				GCC_NO_COMMON_BLOCKS = YES;
				GCC_WARN_64_TO_32_BIT_CONVERSION = YES;
				GCC_WARN_ABOUT_RETURN_TYPE = YES_ERROR;
				GCC_WARN_UNDECLARED_SELECTOR = YES;
				GCC_WARN_UNINITIALIZED_AUTOS = YES_AGGRESSIVE;
				GCC_WARN_UNUSED_FUNCTION = YES;
				GCC_WARN_UNUSED_VARIABLE = YES;
				IPHONEOS_DEPLOYMENT_TARGET = 12.1;
				MTL_ENABLE_DEBUG_INFO = NO;
				MTL_FAST_MATH = YES;
				SDKROOT = iphoneos;
				SWIFT_COMPILATION_MODE = wholemodule;
				SWIFT_OPTIMIZATION_LEVEL = "-O";
				VALIDATE_PRODUCT = YES;
			};
			name = Release;
		};
		489EC30122811368003C48CE /* Debug */ = {
			isa = XCBuildConfiguration;
			buildSettings = {
				ASSETCATALOG_COMPILER_APPICON_NAME = AppIcon;
				CODE_SIGN_STYLE = Automatic;
				DEVELOPMENT_TEAM = XHWN5KMVUT;
				INFOPLIST_FILE = BeerApp/Info.plist;
				LD_RUNPATH_SEARCH_PATHS = (
					"$(inherited)",
					"@executable_path/Frameworks",
				);
				PRODUCT_BUNDLE_IDENTIFIER = com.Ranieri.BeerApp;
				PRODUCT_NAME = "$(TARGET_NAME)";
				SWIFT_VERSION = 4.2;
				TARGETED_DEVICE_FAMILY = "1,2";
			};
			name = Debug;
		};
		489EC30222811368003C48CE /* Release */ = {
			isa = XCBuildConfiguration;
			buildSettings = {
				ASSETCATALOG_COMPILER_APPICON_NAME = AppIcon;
				CODE_SIGN_STYLE = Automatic;
				DEVELOPMENT_TEAM = XHWN5KMVUT;
				INFOPLIST_FILE = BeerApp/Info.plist;
				LD_RUNPATH_SEARCH_PATHS = (
					"$(inherited)",
					"@executable_path/Frameworks",
				);
				PRODUCT_BUNDLE_IDENTIFIER = com.Ranieri.BeerApp;
				PRODUCT_NAME = "$(TARGET_NAME)";
				SWIFT_VERSION = 4.2;
				TARGETED_DEVICE_FAMILY = "1,2";
			};
			name = Release;
		};
/* End XCBuildConfiguration section */

/* Begin XCConfigurationList section */
		489EC2E622811356003C48CE /* Build configuration list for PBXProject "BeerApp" */ = {
			isa = XCConfigurationList;
			buildConfigurations = (
				489EC2FE22811368003C48CE /* Debug */,
				489EC2FF22811368003C48CE /* Release */,
			);
			defaultConfigurationIsVisible = 0;
			defaultConfigurationName = Release;
		};
		489EC30022811368003C48CE /* Build configuration list for PBXNativeTarget "BeerApp" */ = {
			isa = XCConfigurationList;
			buildConfigurations = (
				489EC30122811368003C48CE /* Debug */,
				489EC30222811368003C48CE /* Release */,
			);
			defaultConfigurationIsVisible = 0;
			defaultConfigurationName = Release;
		};
/* End XCConfigurationList section */

/* Begin XCVersionGroup section */
		489EC2F522811356003C48CE /* BeerApp.xcdatamodeld */ = {
			isa = XCVersionGroup;
			children = (
				489EC2F622811356003C48CE /* BeerApp.xcdatamodel */,
			);
			currentVersion = 489EC2F622811356003C48CE /* BeerApp.xcdatamodel */;
			path = BeerApp.xcdatamodeld;
			sourceTree = "<group>";
			versionGroupType = wrapper.xcdatamodel;
		};
/* End XCVersionGroup section */
	};
	rootObject = 489EC2E322811356003C48CE /* Project object */;
}
